// !$*UTF8*$!
{
	archiveVersion = 1;
	classes = {
	};
	objectVersion = 46;
	objects = {

/* Begin PBXBuildFile section */
		1E0AA2C51C6EA5AA0025F774 /* main.cpp in Sources */ = {isa = PBXBuildFile; fileRef = 1E0AA2C41C6EA5AA0025F774 /* main.cpp */; };
		1E0AA2CC1C6EAAB90025F774 /* OpenGL.framework in Frameworks */ = {isa = PBXBuildFile; fileRef = 1EA7758C1BD06B3400488F1D /* OpenGL.framework */; };
		1E6FB5B41C906679003308FA /* main.cpp in Sources */ = {isa = PBXBuildFile; fileRef = 1E6FB5B11C906679003308FA /* main.cpp */; };
		1EA7758D1BD06B3400488F1D /* OpenGL.framework in Frameworks */ = {isa = PBXBuildFile; fileRef = 1EA7758C1BD06B3400488F1D /* OpenGL.framework */; };
		1EE623211C7F0D120087721B /* SDL2.framework in Frameworks */ = {isa = PBXBuildFile; fileRef = 1EE623201C7F0D120087721B /* SDL2.framework */; };
		1EE623221C7F0D120087721B /* SDL2.framework in Frameworks */ = {isa = PBXBuildFile; fileRef = 1EE623201C7F0D120087721B /* SDL2.framework */; };
/* End PBXBuildFile section */

/* Begin PBXCopyFilesBuildPhase section */
		1E0AA2C01C6EA5AA0025F774 /* CopyFiles */ = {
			isa = PBXCopyFilesBuildPhase;
			buildActionMask = 2147483647;
			dstPath = /usr/share/man/man1/;
			dstSubfolderSpec = 0;
			files = (
			);
			runOnlyForDeploymentPostprocessing = 1;
		};
		1E79648C1BD068EA0022EB3F /* CopyFiles */ = {
			isa = PBXCopyFilesBuildPhase;
			buildActionMask = 2147483647;
			dstPath = /usr/share/man/man1/;
			dstSubfolderSpec = 0;
			files = (
			);
			runOnlyForDeploymentPostprocessing = 1;
		};
/* End PBXCopyFilesBuildPhase section */

/* Begin PBXFileReference section */
		1E0AA2C21C6EA5AA0025F774 /* ZombieGame */ = {isa = PBXFileReference; explicitFileType = "compiled.mach-o.executable"; includeInIndex = 0; path = ZombieGame; sourceTree = BUILT_PRODUCTS_DIR; };
		1E0AA2C41C6EA5AA0025F774 /* main.cpp */ = {isa = PBXFileReference; lastKnownFileType = sourcecode.cpp.cpp; path = main.cpp; sourceTree = "<group>"; };
		1E0AA2C91C6EA86B0025F774 /* SGE */ = {isa = PBXFileReference; lastKnownFileType = folder; name = SGE; path = SimpleGameEngine/SGE; sourceTree = SOURCE_ROOT; };
		1E0AA2CE1C6EAC000025F774 /* Bullet.hpp */ = {isa = PBXFileReference; fileEncoding = 4; lastKnownFileType = sourcecode.cpp.h; path = Bullet.hpp; sourceTree = "<group>"; };
		1E0AA2D11C6EAEE70025F774 /* MainGameWindow.hpp */ = {isa = PBXFileReference; fileEncoding = 4; lastKnownFileType = sourcecode.cpp.h; path = MainGameWindow.hpp; sourceTree = "<group>"; };
		1E4A46591C75F9070000A37B /* Gun.hpp */ = {isa = PBXFileReference; lastKnownFileType = sourcecode.cpp.h; path = Gun.hpp; sourceTree = "<group>"; };
		1E6FB5B11C906679003308FA /* main.cpp */ = {isa = PBXFileReference; fileEncoding = 4; lastKnownFileType = sourcecode.cpp.cpp; name = main.cpp; path = SGE_Demo/main.cpp; sourceTree = "<group>"; };
		1E6FB5B21C906679003308FA /* MainGameWindow.hpp */ = {isa = PBXFileReference; fileEncoding = 4; lastKnownFileType = sourcecode.cpp.h; name = MainGameWindow.hpp; path = SGE_Demo/MainGameWindow.hpp; sourceTree = "<group>"; };
		1E6FB5B31C906679003308FA /* Resources */ = {isa = PBXFileReference; lastKnownFileType = folder; name = Resources; path = SGE_Demo/Resources; sourceTree = "<group>"; };
		1E6FB5B51C906692003308FA /* Resources */ = {isa = PBXFileReference; lastKnownFileType = folder; path = Resources; sourceTree = "<group>"; };
		1E79648E1BD068EA0022EB3F /* SimpleGameEngine */ = {isa = PBXFileReference; explicitFileType = "compiled.mach-o.executable"; includeInIndex = 0; path = SimpleGameEngine; sourceTree = BUILT_PRODUCTS_DIR; };
		1EA7758C1BD06B3400488F1D /* OpenGL.framework */ = {isa = PBXFileReference; lastKnownFileType = wrapper.framework; name = OpenGL.framework; path = System/Library/Frameworks/OpenGL.framework; sourceTree = SDKROOT; };
		1EE623201C7F0D120087721B /* SDL2.framework */ = {isa = PBXFileReference; lastKnownFileType = wrapper.framework; name = SDL2.framework; path = ../../../../../Library/Frameworks/SDL2.framework; sourceTree = "<group>"; };
		1EFC0C5A1C73733C001B26E2 /* Agent.hpp */ = {isa = PBXFileReference; lastKnownFileType = sourcecode.cpp.h; path = Agent.hpp; sourceTree = "<group>"; };
		1EFC0C5B1C737364001B26E2 /* Zombie.hpp */ = {isa = PBXFileReference; lastKnownFileType = sourcecode.cpp.h; path = Zombie.hpp; sourceTree = "<group>"; };
		1EFC0C5C1C737378001B26E2 /* Human.hpp */ = {isa = PBXFileReference; lastKnownFileType = sourcecode.cpp.h; path = Human.hpp; sourceTree = "<group>"; };
		1EFC0C5D1C7373AF001B26E2 /* Player.hpp */ = {isa = PBXFileReference; lastKnownFileType = sourcecode.cpp.h; path = Player.hpp; sourceTree = "<group>"; };
		1EFC0C601C737463001B26E2 /* Level.hpp */ = {isa = PBXFileReference; lastKnownFileType = sourcecode.cpp.h; path = Level.hpp; sourceTree = "<group>"; };
		1EFC0C631C73785F001B26E2 /* level1.txt */ = {isa = PBXFileReference; fileEncoding = 4; lastKnownFileType = text; name = level1.txt; path = Levels/level1.txt; sourceTree = "<group>"; };
/* End PBXFileReference section */

/* Begin PBXFrameworksBuildPhase section */
		1E0AA2BF1C6EA5AA0025F774 /* Frameworks */ = {
			isa = PBXFrameworksBuildPhase;
			buildActionMask = 2147483647;
			files = (
				1E0AA2CC1C6EAAB90025F774 /* OpenGL.framework in Frameworks */,
				1EE623221C7F0D120087721B /* SDL2.framework in Frameworks */,
			);
			runOnlyForDeploymentPostprocessing = 0;
		};
		1E79648B1BD068EA0022EB3F /* Frameworks */ = {
			isa = PBXFrameworksBuildPhase;
			buildActionMask = 2147483647;
			files = (
				1EA7758D1BD06B3400488F1D /* OpenGL.framework in Frameworks */,
				1EE623211C7F0D120087721B /* SDL2.framework in Frameworks */,
			);
			runOnlyForDeploymentPostprocessing = 0;
		};
/* End PBXFrameworksBuildPhase section */

/* Begin PBXGroup section */
		1E0AA2C31C6EA5AA0025F774 /* ZombieGame */ = {
			isa = PBXGroup;
			children = (
				1EFC0C621C73748F001B26E2 /* MainGame */,
				1EFC0C611C737469001B26E2 /* Level */,
				1EFC0C5E1C7373B9001B26E2 /* Objects */,
				1E6FB5B51C906692003308FA /* Resources */,
			);
			path = ZombieGame;
			sourceTree = "<group>";
		};
		1E6FB5B01C90665C003308FA /* SGD_Demo */ = {
			isa = PBXGroup;
			children = (
				1E6FB5B11C906679003308FA /* main.cpp */,
				1E6FB5B21C906679003308FA /* MainGameWindow.hpp */,
				1E6FB5B31C906679003308FA /* Resources */,
			);
			name = SGD_Demo;
			sourceTree = "<group>";
		};
		1E7964851BD068EA0022EB3F = {
			isa = PBXGroup;
			children = (
				1EA775901BD06BD300488F1D /* Frameworks */,
				1E6FB5B01C90665C003308FA /* SGD_Demo */,
				1E0AA2C31C6EA5AA0025F774 /* ZombieGame */,
				1E7964901BD068EA0022EB3F /* SimpleGameEngine */,
				1E79648F1BD068EA0022EB3F /* Products */,
			);
			sourceTree = "<group>";
		};
		1E79648F1BD068EA0022EB3F /* Products */ = {
			isa = PBXGroup;
			children = (
				1E79648E1BD068EA0022EB3F /* SimpleGameEngine */,
				1E0AA2C21C6EA5AA0025F774 /* ZombieGame */,
			);
			name = Products;
			sourceTree = "<group>";
		};
		1E7964901BD068EA0022EB3F /* SimpleGameEngine */ = {
			isa = PBXGroup;
			children = (
				1E0AA2C91C6EA86B0025F774 /* SGE */,
			);
			name = SimpleGameEngine;
			path = SimpleGameEngine_xc_1;
			sourceTree = "<group>";
		};
		1EA775901BD06BD300488F1D /* Frameworks */ = {
			isa = PBXGroup;
			children = (
				1EE623201C7F0D120087721B /* SDL2.framework */,
				1EA7758C1BD06B3400488F1D /* OpenGL.framework */,
			);
			name = Frameworks;
			sourceTree = "<group>";
		};
		1EFC0C5E1C7373B9001B26E2 /* Objects */ = {
			isa = PBXGroup;
			children = (
				1EFC0C5F1C7373D7001B26E2 /* Player */,
				1EFC0C5B1C737364001B26E2 /* Zombie.hpp */,
				1EFC0C5C1C737378001B26E2 /* Human.hpp */,
				1EFC0C5A1C73733C001B26E2 /* Agent.hpp */,
			);
			name = Objects;
			sourceTree = "<group>";
		};
		1EFC0C5F1C7373D7001B26E2 /* Player */ = {
			isa = PBXGroup;
			children = (
				1E4A46591C75F9070000A37B /* Gun.hpp */,
				1EFC0C5D1C7373AF001B26E2 /* Player.hpp */,
				1E0AA2CE1C6EAC000025F774 /* Bullet.hpp */,
			);
			name = Player;
			sourceTree = "<group>";
		};
		1EFC0C611C737469001B26E2 /* Level */ = {
			isa = PBXGroup;
			children = (
				1EFC0C641C7378D4001B26E2 /* Levels */,
				1EFC0C601C737463001B26E2 /* Level.hpp */,
			);
			name = Level;
			sourceTree = "<group>";
		};
		1EFC0C621C73748F001B26E2 /* MainGame */ = {
			isa = PBXGroup;
			children = (
				1E0AA2D11C6EAEE70025F774 /* MainGameWindow.hpp */,
				1E0AA2C41C6EA5AA0025F774 /* main.cpp */,
			);
			name = MainGame;
			sourceTree = "<group>";
		};
		1EFC0C641C7378D4001B26E2 /* Levels */ = {
			isa = PBXGroup;
			children = (
				1EFC0C631C73785F001B26E2 /* level1.txt */,
			);
			name = Levels;
			sourceTree = "<group>";
		};
/* End PBXGroup section */

/* Begin PBXNativeTarget section */
		1E0AA2C11C6EA5AA0025F774 /* ZombieGame */ = {
			isa = PBXNativeTarget;
			buildConfigurationList = 1E0AA2C61C6EA5AA0025F774 /* Build configuration list for PBXNativeTarget "ZombieGame" */;
			buildPhases = (
				1E0AA2BE1C6EA5AA0025F774 /* Sources */,
				1E0AA2BF1C6EA5AA0025F774 /* Frameworks */,
				1E0AA2C01C6EA5AA0025F774 /* CopyFiles */,
			);
			buildRules = (
			);
			dependencies = (
			);
			name = ZombieGame;
			productName = ZombieGame;
			productReference = 1E0AA2C21C6EA5AA0025F774 /* ZombieGame */;
			productType = "com.apple.product-type.tool";
		};
		1E79648D1BD068EA0022EB3F /* SimpleGameEngine */ = {
			isa = PBXNativeTarget;
			buildConfigurationList = 1E7964951BD068EA0022EB3F /* Build configuration list for PBXNativeTarget "SimpleGameEngine" */;
			buildPhases = (
				1E79648A1BD068EA0022EB3F /* Sources */,
				1E79648B1BD068EA0022EB3F /* Frameworks */,
				1E79648C1BD068EA0022EB3F /* CopyFiles */,
			);
			buildRules = (
			);
			dependencies = (
			);
			name = SimpleGameEngine;
			productName = SimpleGameEngine_xc_1;
			productReference = 1E79648E1BD068EA0022EB3F /* SimpleGameEngine */;
			productType = "com.apple.product-type.tool";
		};
/* End PBXNativeTarget section */

/* Begin PBXProject section */
		1E7964861BD068EA0022EB3F /* Project object */ = {
			isa = PBXProject;
			attributes = {
				LastUpgradeCheck = 0700;
				ORGANIZATIONNAME = Hamashy;
				TargetAttributes = {
					1E0AA2C11C6EA5AA0025F774 = {
						CreatedOnToolsVersion = 7.2.1;
					};
					1E79648D1BD068EA0022EB3F = {
						CreatedOnToolsVersion = 7.0.1;
					};
				};
			};
			buildConfigurationList = 1E7964891BD068EA0022EB3F /* Build configuration list for PBXProject "SimpleGameEngine" */;
			compatibilityVersion = "Xcode 3.2";
			developmentRegion = English;
			hasScannedForEncodings = 0;
			knownRegions = (
				en,
			);
			mainGroup = 1E7964851BD068EA0022EB3F;
			productRefGroup = 1E79648F1BD068EA0022EB3F /* Products */;
			projectDirPath = "";
			projectRoot = "";
			targets = (
				1E79648D1BD068EA0022EB3F /* SimpleGameEngine */,
				1E0AA2C11C6EA5AA0025F774 /* ZombieGame */,
			);
		};
/* End PBXProject section */

/* Begin PBXSourcesBuildPhase section */
		1E0AA2BE1C6EA5AA0025F774 /* Sources */ = {
			isa = PBXSourcesBuildPhase;
			buildActionMask = 2147483647;
			files = (
				1E0AA2C51C6EA5AA0025F774 /* main.cpp in Sources */,
			);
			runOnlyForDeploymentPostprocessing = 0;
		};
		1E79648A1BD068EA0022EB3F /* Sources */ = {
			isa = PBXSourcesBuildPhase;
			buildActionMask = 2147483647;
			files = (
				1E6FB5B41C906679003308FA /* main.cpp in Sources */,
			);
			runOnlyForDeploymentPostprocessing = 0;
		};
/* End PBXSourcesBuildPhase section */

/* Begin XCBuildConfiguration section */
		1E0AA2C71C6EA5AA0025F774 /* Debug */ = {
			isa = XCBuildConfiguration;
			buildSettings = {
				CLANG_CXX_LANGUAGE_STANDARD = "c++14";
				CLANG_CXX_LIBRARY = "compiler-default";
				CODE_SIGN_IDENTITY = "-";
				FRAMEWORK_SEARCH_PATHS = (
					"$(inherited)",
					"$(LOCAL_LIBRARY_DIR)/Frameworks",
				);
				GCC_INCREASE_PRECOMPILED_HEADER_SHARING = YES;
				GCC_PRECOMPILE_PREFIX_HEADER = YES;
				GCC_VERSION = 5.2;
				HEADER_SEARCH_PATHS = (
					/Library/Frameworks,
					/usr/local/boost/include,
					/usr/local/Cellar/websocketpp/HEAD/include,
					/usr/local/Cellar/rapidjson/1.0.2/include,
					/usr/local/Cellar/glew/1.13.0/include,
				);
				LD_DYLIB_INSTALL_NAME = "";
				LIBRARY_SEARCH_PATHS = (
					/Library/Frameworks,
					/usr/local/boost/lib,
					/usr/local/Cellar/glew/1.13.0/lib,
				);
				OTHER_LDFLAGS = (
					"-framework",
					SDL2,
					"-framework",
					cocoa,
					"-framework",
					OpenGL,
					"-lboost_system",
					"-lglew",
				);
				PRODUCT_NAME = "$(TARGET_NAME)";
			};
			name = Debug;
		};
		1E0AA2C81C6EA5AA0025F774 /* Release */ = {
			isa = XCBuildConfiguration;
			buildSettings = {
				CLANG_CXX_LANGUAGE_STANDARD = "c++14";
				CLANG_CXX_LIBRARY = "compiler-default";
				CODE_SIGN_IDENTITY = "-";
				FRAMEWORK_SEARCH_PATHS = (
					"$(inherited)",
					"$(LOCAL_LIBRARY_DIR)/Frameworks",
				);
				GCC_INCREASE_PRECOMPILED_HEADER_SHARING = YES;
				GCC_OPTIMIZATION_LEVEL = 3;
				GCC_PRECOMPILE_PREFIX_HEADER = YES;
				GCC_VERSION = 5.2;
				HEADER_SEARCH_PATHS = (
					/Library/Frameworks,
					/usr/local/boost/include,
					/usr/local/Cellar/websocketpp/HEAD/include,
					/usr/local/Cellar/rapidjson/1.0.2/include,
					/usr/local/Cellar/glew/1.13.0/include,
				);
				LD_DYLIB_INSTALL_NAME = "";
				LIBRARY_SEARCH_PATHS = (
					/Library/Frameworks,
					/usr/local/boost/lib,
					/usr/local/Cellar/glew/1.13.0/lib,
				);
				OTHER_LDFLAGS = (
					"-framework",
					SDL2,
					"-framework",
					cocoa,
					"-framework",
					OpenGL,
					"-lboost_system",
					"-lglew",
				);
				PRODUCT_NAME = "$(TARGET_NAME)";
			};
			name = Release;
		};
		1E7964931BD068EA0022EB3F /* Debug */ = {
			isa = XCBuildConfiguration;
			buildSettings = {
				ALWAYS_SEARCH_USER_PATHS = NO;
				CLANG_CXX_LANGUAGE_STANDARD = "c++14";
				CLANG_ENABLE_MODULES = YES;
				CLANG_ENABLE_OBJC_ARC = YES;
				CLANG_WARN_BOOL_CONVERSION = YES;
				CLANG_WARN_CONSTANT_CONVERSION = YES;
				CLANG_WARN_DIRECT_OBJC_ISA_USAGE = YES_ERROR;
				CLANG_WARN_EMPTY_BODY = YES;
				CLANG_WARN_ENUM_CONVERSION = YES;
				CLANG_WARN_INT_CONVERSION = YES;
				CLANG_WARN_OBJC_ROOT_CLASS = YES_ERROR;
				CLANG_WARN_UNREACHABLE_CODE = YES;
				CLANG_WARN__DUPLICATE_METHOD_MATCH = YES;
				COPY_PHASE_STRIP = NO;
				DEBUG_INFORMATION_FORMAT = dwarf;
				ENABLE_STRICT_OBJC_MSGSEND = YES;
				ENABLE_TESTABILITY = YES;
				GCC_C_LANGUAGE_STANDARD = gnu99;
				GCC_DYNAMIC_NO_PIC = NO;
				GCC_NO_COMMON_BLOCKS = YES;
				GCC_OPTIMIZATION_LEVEL = 0;
				GCC_PREPROCESSOR_DEFINITIONS = (
					"DEBUG=1",
					"$(inherited)",
				);
				GCC_VERSION = 5.2;
				GCC_WARN_64_TO_32_BIT_CONVERSION = YES;
				GCC_WARN_ABOUT_RETURN_TYPE = YES_ERROR;
				GCC_WARN_UNDECLARED_SELECTOR = YES;
				GCC_WARN_UNINITIALIZED_AUTOS = YES_AGGRESSIVE;
				GCC_WARN_UNUSED_FUNCTION = YES;
				GCC_WARN_UNUSED_VARIABLE = YES;
				MACOSX_DEPLOYMENT_TARGET = 10.11;
				MTL_ENABLE_DEBUG_INFO = YES;
				ONLY_ACTIVE_ARCH = YES;
				OTHER_CPLUSPLUSFLAGS = (
					"$(OTHER_CFLAGS)",
					"-std=c++14",
				);
				SDKROOT = macosx;
			};
			name = Debug;
		};
		1E7964941BD068EA0022EB3F /* Release */ = {
			isa = XCBuildConfiguration;
			buildSettings = {
				ALWAYS_SEARCH_USER_PATHS = NO;
				CLANG_CXX_LANGUAGE_STANDARD = "c++14";
				CLANG_ENABLE_MODULES = YES;
				CLANG_ENABLE_OBJC_ARC = YES;
				CLANG_WARN_BOOL_CONVERSION = YES;
				CLANG_WARN_CONSTANT_CONVERSION = YES;
				CLANG_WARN_DIRECT_OBJC_ISA_USAGE = YES_ERROR;
				CLANG_WARN_EMPTY_BODY = YES;
				CLANG_WARN_ENUM_CONVERSION = YES;
				CLANG_WARN_INT_CONVERSION = YES;
				CLANG_WARN_OBJC_ROOT_CLASS = YES_ERROR;
				CLANG_WARN_UNREACHABLE_CODE = YES;
				CLANG_WARN__DUPLICATE_METHOD_MATCH = YES;
				COPY_PHASE_STRIP = NO;
				DEBUG_INFORMATION_FORMAT = "dwarf-with-dsym";
				ENABLE_NS_ASSERTIONS = NO;
				ENABLE_STRICT_OBJC_MSGSEND = YES;
				GCC_C_LANGUAGE_STANDARD = gnu99;
				GCC_NO_COMMON_BLOCKS = YES;
				GCC_OPTIMIZATION_LEVEL = fast;
				GCC_VERSION = 5.2;
				GCC_WARN_64_TO_32_BIT_CONVERSION = YES;
				GCC_WARN_ABOUT_RETURN_TYPE = YES_ERROR;
				GCC_WARN_UNDECLARED_SELECTOR = YES;
				GCC_WARN_UNINITIALIZED_AUTOS = YES_AGGRESSIVE;
				GCC_WARN_UNUSED_FUNCTION = YES;
				GCC_WARN_UNUSED_VARIABLE = YES;
				MACOSX_DEPLOYMENT_TARGET = 10.11;
				MTL_ENABLE_DEBUG_INFO = NO;
				OTHER_CPLUSPLUSFLAGS = (
					"$(OTHER_CFLAGS)",
					"-std=c++14",
				);
				SDKROOT = macosx;
			};
			name = Release;
		};
		1E7964961BD068EA0022EB3F /* Debug */ = {
			isa = XCBuildConfiguration;
			buildSettings = {
				CLANG_CXX_LANGUAGE_STANDARD = "c++14";
				CLANG_STATIC_ANALYZER_MODE = shallow;
				FRAMEWORK_SEARCH_PATHS = (
					"$(inherited)",
					"$(LOCAL_LIBRARY_DIR)/Frameworks",
				);
				GCC_ENABLE_EXCEPTIONS = YES;
				GCC_INCREASE_PRECOMPILED_HEADER_SHARING = YES;
				GCC_PRECOMPILE_PREFIX_HEADER = YES;
				GCC_VERSION = 5.2;
				HEADER_SEARCH_PATHS = (
					/usr/local/boost/include,
					/Library/Frameworks,
					/usr/local/Cellar/websocketpp/HEAD/include,
					/usr/local/Cellar/rapidjson/1.0.2/include,
					/usr/local/Cellar/glew/1.13.0/include,
				);
				LIBRARY_SEARCH_PATHS = (
					/Library/Frameworks,
					/usr/local/boost/lib,
					/usr/local/Cellar/glew/1.13.0/lib,
				);
				OTHER_CPLUSPLUSFLAGS = (
					"$(OTHER_CFLAGS)",
					"-std=c++14",
				);
				OTHER_LDFLAGS = (
					"-framework",
					SDL2,
					"-framework",
					cocoa,
					"-framework",
					OpenGL,
					"-lglew",
					"-lboost_system",
				);
				PRODUCT_NAME = SimpleGameEngine;
				RUN_CLANG_STATIC_ANALYZER = NO;
			};
			name = Debug;
		};
		1E7964971BD068EA0022EB3F /* Release */ = {
			isa = XCBuildConfiguration;
			buildSettings = {
				CLANG_CXX_LANGUAGE_STANDARD = "c++14";
				CLANG_STATIC_ANALYZER_MODE = shallow;
				FRAMEWORK_SEARCH_PATHS = (
					"$(inherited)",
					"$(LOCAL_LIBRARY_DIR)/Frameworks",
				);
				GCC_ENABLE_EXCEPTIONS = YES;
				GCC_INCREASE_PRECOMPILED_HEADER_SHARING = YES;
				GCC_PRECOMPILE_PREFIX_HEADER = YES;
				GCC_VERSION = 5.2;
				HEADER_SEARCH_PATHS = (
					/usr/local/boost/include,
					/Library/Frameworks,
					/usr/local/Cellar/websocketpp/HEAD/include,
					/usr/local/Cellar/rapidjson/1.0.2/include,
					/usr/local/Cellar/glew/1.13.0/include,
				);
				LIBRARY_SEARCH_PATHS = (
					/Library/Frameworks,
					/usr/local/boost/lib,
					/usr/local/Cellar/glew/1.13.0/lib,
				);
				OTHER_CPLUSPLUSFLAGS = (
					"$(OTHER_CFLAGS)",
					"-std=c++14",
				);
				OTHER_LDFLAGS = (
					"-framework",
					SDL2,
					"-framework",
					cocoa,
					"-framework",
					OpenGL,
					"-lglew",
					"-lboost_system",
				);
				PRODUCT_NAME = SimpleGameEngine;
				RUN_CLANG_STATIC_ANALYZER = NO;
			};
			name = Release;
		};
/* End XCBuildConfiguration section */

/* Begin XCConfigurationList section */
		1E0AA2C61C6EA5AA0025F774 /* Build configuration list for PBXNativeTarget "ZombieGame" */ = {
			isa = XCConfigurationList;
			buildConfigurations = (
				1E0AA2C71C6EA5AA0025F774 /* Debug */,
				1E0AA2C81C6EA5AA0025F774 /* Release */,
			);
			defaultConfigurationIsVisible = 0;
			defaultConfigurationName = Release;
		};
		1E7964891BD068EA0022EB3F /* Build configuration list for PBXProject "SimpleGameEngine" */ = {
			isa = XCConfigurationList;
			buildConfigurations = (
				1E7964931BD068EA0022EB3F /* Debug */,
				1E7964941BD068EA0022EB3F /* Release */,
			);
			defaultConfigurationIsVisible = 0;
			defaultConfigurationName = Release;
		};
		1E7964951BD068EA0022EB3F /* Build configuration list for PBXNativeTarget "SimpleGameEngine" */ = {
			isa = XCConfigurationList;
			buildConfigurations = (
				1E7964961BD068EA0022EB3F /* Debug */,
				1E7964971BD068EA0022EB3F /* Release */,
			);
			defaultConfigurationIsVisible = 0;
			defaultConfigurationName = Release;
		};
/* End XCConfigurationList section */
	};
	rootObject = 1E7964861BD068EA0022EB3F /* Project object */;
}
