<?xml version="1.0" encoding="utf-8"?>
<Project ToolsVersion="4.0" xmlns="http://schemas.microsoft.com/developer/msbuild/2003">
  <ItemGroup>
    <Filter Include="Action">
      <UniqueIdentifier>{ccfb1a8f-5054-4ddd-938b-8bf71e784e15}</UniqueIdentifier>
    </Filter>
    <Filter Include="ID">
      <UniqueIdentifier>{2884440a-ac1d-4757-9f12-e3bc8e374d30}</UniqueIdentifier>
    </Filter>
    <Filter Include="Object">
      <UniqueIdentifier>{b0edacce-66b6-4e1c-84c0-b2ee8b1c43b2}</UniqueIdentifier>
    </Filter>
    <Filter Include="Camera2D">
      <UniqueIdentifier>{8797ee75-ed43-49d5-9fe5-c2d420e933d7}</UniqueIdentifier>
    </Filter>
    <Filter Include="Timing">
      <UniqueIdentifier>{d3247c72-c14a-4985-972a-7511a51c870d}</UniqueIdentifier>
    </Filter>
    <Filter Include="Director">
      <UniqueIdentifier>{8c5d2881-5378-41bf-8f4a-4091b9d29ebe}</UniqueIdentifier>
    </Filter>
    <Filter Include="TextureLoader">
      <UniqueIdentifier>{3ce04c4a-4237-447a-853e-d9f0e723b140}</UniqueIdentifier>
    </Filter>
    <Filter Include="include">
      <UniqueIdentifier>{cb4756ff-c750-4434-bc81-1376c1389fea}</UniqueIdentifier>
    </Filter>
    <Filter Include="ObjectManager">
      <UniqueIdentifier>{76437fd6-0acb-4c3a-bc36-eb559d4eb0e3}</UniqueIdentifier>
    </Filter>
    <Filter Include="InputManager">
      <UniqueIdentifier>{0ca5862e-1b6e-4376-b237-7916e9c50e35}</UniqueIdentifier>
    </Filter>
    <Filter Include="IOManager">
      <UniqueIdentifier>{55a6adee-da01-44b2-b0d5-768a75e20afd}</UniqueIdentifier>
    </Filter>
    <Filter Include="Scene">
      <UniqueIdentifier>{f443b195-11b6-442c-8fa0-77ab328a24a7}</UniqueIdentifier>
    </Filter>
    <Filter Include="ResourceManager">
      <UniqueIdentifier>{6545c19f-58d9-4289-bf8c-78e2757a8946}</UniqueIdentifier>
    </Filter>
    <Filter Include="Shaders">
      <UniqueIdentifier>{0f3ac9e7-bf78-44ee-8ad6-4efb6bb3c4d9}</UniqueIdentifier>
    </Filter>
    <Filter Include="Sprite">
      <UniqueIdentifier>{5b2107fe-fc91-4e4f-b49a-de8a41469676}</UniqueIdentifier>
    </Filter>
    <Filter Include="TextureCache">
      <UniqueIdentifier>{95f9fbc2-907f-4e6c-a6e8-a30cd9223805}</UniqueIdentifier>
    </Filter>
    <Filter Include="SpriteBatch">
      <UniqueIdentifier>{88c6865a-a81b-4c55-9790-5498e547a4e6}</UniqueIdentifier>
    </Filter>
    <Filter Include="Path">
      <UniqueIdentifier>{3a0657bb-65a1-4e19-a012-95f62753a86a}</UniqueIdentifier>
    </Filter>
    <Filter Include="Action\Actions">
      <UniqueIdentifier>{ff81eb57-c681-4545-b650-270b8595dba9}</UniqueIdentifier>
    </Filter>
    <Filter Include="Relay">
      <UniqueIdentifier>{b4d01d06-30cb-4bd1-be19-e9f4e2c5443a}</UniqueIdentifier>
    </Filter>
    <Filter Include="Level">
      <UniqueIdentifier>{363c5304-02d2-40c1-8758-7bfcbe87df3e}</UniqueIdentifier>
    </Filter>
    <Filter Include="LevelParser">
      <UniqueIdentifier>{d9321507-c46d-4e9e-bfa1-14b1148e714d}</UniqueIdentifier>
    </Filter>
    <Filter Include="ObjectManager\tool">
      <UniqueIdentifier>{562212bf-dceb-4c5c-bd87-7b6ac4320faa}</UniqueIdentifier>
    </Filter>
    <Filter Include="Logic">
      <UniqueIdentifier>{42780f95-b06b-4ef6-b115-3da3f2aeaa7a}</UniqueIdentifier>
    </Filter>
    <Filter Include="Logic\Logics">
      <UniqueIdentifier>{ebb9c487-e0b6-4131-a8ed-d97051e3a454}</UniqueIdentifier>
    </Filter>
    <Filter Include="Logic\Logics\Colliders">
      <UniqueIdentifier>{decfc747-a4ab-4bd0-8973-a23235a63577}</UniqueIdentifier>
    </Filter>
    <Filter Include="Object\Interface">
      <UniqueIdentifier>{76af1a7c-72ee-4560-b251-9892f72d0210}</UniqueIdentifier>
    </Filter>
    <Filter Include="Object\Reactive">
      <UniqueIdentifier>{3ea33c24-2fae-4ee5-9e53-ab28e6a79ee4}</UniqueIdentifier>
    </Filter>
    <Filter Include="Object\BackgroundElement">
      <UniqueIdentifier>{9d4c67f1-f545-4864-a472-2fb23a0875c7}</UniqueIdentifier>
    </Filter>
    <Filter Include="Object\Shape">
      <UniqueIdentifier>{a91f7058-4918-4ccc-873d-082e7b57a490}</UniqueIdentifier>
    </Filter>
  </ItemGroup>
  <ItemGroup>
    <ClInclude Include="$(MSBuildThisFileDirectory)..\..\SimpleGameEngine\SGE\Action\sge_action.hpp">
      <Filter>Action</Filter>
    </ClInclude>
    <ClInclude Include="$(MSBuildThisFileDirectory)..\..\SimpleGameEngine\SGE\ID\sge_id.hpp">
      <Filter>ID</Filter>
    </ClInclude>
    <ClInclude Include="$(MSBuildThisFileDirectory)..\..\SimpleGameEngine\SGE\Object\sge_object.hpp">
      <Filter>Object</Filter>
    </ClInclude>
    <ClInclude Include="$(MSBuildThisFileDirectory)..\..\SimpleGameEngine\SGE\Camera2d\sge_camera2d.hpp">
      <Filter>Camera2D</Filter>
    </ClInclude>
    <ClInclude Include="$(MSBuildThisFileDirectory)..\..\SimpleGameEngine\SGE\Timing\sge_fps_limiter.hpp">
      <Filter>Timing</Filter>
    </ClInclude>
    <ClInclude Include="$(MSBuildThisFileDirectory)..\..\SimpleGameEngine\SGE\Director\sge_director.hpp">
      <Filter>Director</Filter>
    </ClInclude>
    <ClInclude Include="$(MSBuildThisFileDirectory)..\..\SimpleGameEngine\SGE\TextureLoader\sge_glTexture.hpp">
      <Filter>TextureLoader</Filter>
    </ClInclude>
    <ClInclude Include="$(MSBuildThisFileDirectory)..\..\SimpleGameEngine\SGE\TextureLoader\sge_imageLoader.hpp">
      <Filter>TextureLoader</Filter>
    </ClInclude>
    <ClInclude Include="$(MSBuildThisFileDirectory)..\..\SimpleGameEngine\SGE\include\sge_include.hpp">
      <Filter>include</Filter>
    </ClInclude>
    <ClInclude Include="$(MSBuildThisFileDirectory)..\..\SimpleGameEngine\SGE\InputManager\sge_input_manager.hpp">
      <Filter>InputManager</Filter>
    </ClInclude>
    <ClInclude Include="$(MSBuildThisFileDirectory)..\..\SimpleGameEngine\SGE\IOManager\sge_io_manager.hpp">
      <Filter>IOManager</Filter>
    </ClInclude>
    <ClInclude Include="$(MSBuildThisFileDirectory)..\..\SimpleGameEngine\SGE\Scene\sge_scene.hpp">
      <Filter>Scene</Filter>
    </ClInclude>
    <ClInclude Include="$(MSBuildThisFileDirectory)..\..\SimpleGameEngine\SGE\ResourceManager\sge_resource_manager.hpp">
      <Filter>ResourceManager</Filter>
    </ClInclude>
    <ClInclude Include="$(MSBuildThisFileDirectory)..\..\SimpleGameEngine\SGE\Shaders\sge_shader.hpp">
      <Filter>Shaders</Filter>
    </ClInclude>
    <ClInclude Include="$(MSBuildThisFileDirectory)..\..\SimpleGameEngine\SGE\Sprite\sge_sprite.hpp">
      <Filter>Sprite</Filter>
    </ClInclude>
    <ClInclude Include="$(MSBuildThisFileDirectory)..\..\SimpleGameEngine\SGE\TextureCache\sge_texture_cache.hpp">
      <Filter>TextureCache</Filter>
    </ClInclude>
    <ClInclude Include="$(MSBuildThisFileDirectory)..\..\SimpleGameEngine\SGE\Sprite\sge_vertex.hpp">
      <Filter>Sprite</Filter>
    </ClInclude>
    <ClInclude Include="$(MSBuildThisFileDirectory)..\..\SimpleGameEngine\SGE\SpriteBatch\SpriteBatch.hpp">
      <Filter>SpriteBatch</Filter>
    </ClInclude>
    <ClInclude Include="$(MSBuildThisFileDirectory)..\..\SimpleGameEngine\SGE\Path\sge_path.hpp">
      <Filter>Path</Filter>
    </ClInclude>
    <ClInclude Include="$(MSBuildThisFileDirectory)..\..\SimpleGameEngine\SGE\Relay\sge_relay.hpp">
      <Filter>Relay</Filter>
    </ClInclude>
    <ClInclude Include="$(MSBuildThisFileDirectory)..\..\SimpleGameEngine\SGE\SGE.hpp" />
    <ClInclude Include="$(MSBuildThisFileDirectory)..\..\SimpleGameEngine\SGE\Relay\sge_relay_interface.hpp">
      <Filter>Relay</Filter>
    </ClInclude>
    <ClInclude Include="$(MSBuildThisFileDirectory)..\..\SimpleGameEngine\SGE\LevelParser\sge_level_parser.hpp">
      <Filter>LevelParser</Filter>
    </ClInclude>
    <ClInclude Include="$(MSBuildThisFileDirectory)..\..\SimpleGameEngine\SGE\ObjectManager\sge_action_handler.hpp">
      <Filter>ObjectManager</Filter>
    </ClInclude>
    <ClInclude Include="$(MSBuildThisFileDirectory)..\..\SimpleGameEngine\SGE\ObjectManager\sge_object_manager.hpp">
      <Filter>ObjectManager</Filter>
    </ClInclude>
    <ClInclude Include="$(MSBuildThisFileDirectory)..\..\SimpleGameEngine\SGE\ObjectManager\tool\sge_camera_handler.hpp">
      <Filter>ObjectManager\tool</Filter>
    </ClInclude>
    <ClInclude Include="$(MSBuildThisFileDirectory)..\..\SimpleGameEngine\SGE\ObjectManager\tool\sge_game.hpp">
      <Filter>ObjectManager\tool</Filter>
    </ClInclude>
    <ClInclude Include="$(MSBuildThisFileDirectory)..\..\SimpleGameEngine\SGE\ObjectManager\tool\sge_input_handler.hpp">
      <Filter>ObjectManager\tool</Filter>
    </ClInclude>
    <ClInclude Include="$(MSBuildThisFileDirectory)..\..\SimpleGameEngine\SGE\ObjectManager\tool\sge_renderer.hpp">
      <Filter>ObjectManager\tool</Filter>
    </ClInclude>
    <ClInclude Include="$(MSBuildThisFileDirectory)..\..\SimpleGameEngine\SGE\ObjectManager\tool\sge_window_manager.hpp">
      <Filter>ObjectManager\tool</Filter>
    </ClInclude>
    <ClInclude Include="$(MSBuildThisFileDirectory)..\..\SimpleGameEngine\SGE\Action\Actions\sge_action_move.hpp">
      <Filter>Action\Actions</Filter>
    </ClInclude>
    <ClInclude Include="$(MSBuildThisFileDirectory)..\..\SimpleGameEngine\SGE\Action\Actions\sge_action_rotate.hpp">
      <Filter>Action\Actions</Filter>
    </ClInclude>
    <ClInclude Include="$(MSBuildThisFileDirectory)..\..\SimpleGameEngine\SGE\Action\Actions\sge_action_scale.hpp">
      <Filter>Action\Actions</Filter>
    </ClInclude>
    <ClInclude Include="$(MSBuildThisFileDirectory)..\..\SimpleGameEngine\SGE\Logic\sge_logic.hpp">
      <Filter>Logic</Filter>
    </ClInclude>
    <ClInclude Include="$(MSBuildThisFileDirectory)..\..\SimpleGameEngine\SGE\Logic\Logics\sge_logic_collide.hpp">
      <Filter>Logic\Logics</Filter>
    </ClInclude>
    <ClInclude Include="$(MSBuildThisFileDirectory)..\..\SimpleGameEngine\SGE\Logic\Logics\Colliders\sge_logic_collide_basic.hpp">
      <Filter>Logic\Logics\Colliders</Filter>
    </ClInclude>
    <ClInclude Include="$(MSBuildThisFileDirectory)..\..\SimpleGameEngine\SGE\Object\Interface\sge_button.hpp">
      <Filter>Object\Interface</Filter>
    </ClInclude>
    <ClInclude Include="$(MSBuildThisFileDirectory)..\..\SimpleGameEngine\SGE\Object\Interface\sge_interface.hpp">
      <Filter>Object\Interface</Filter>
    </ClInclude>
    <ClInclude Include="$(MSBuildThisFileDirectory)..\..\SimpleGameEngine\SGE\Object\Interface\sge_label.hpp">
      <Filter>Object\Interface</Filter>
    </ClInclude>
    <ClInclude Include="$(MSBuildThisFileDirectory)..\..\SimpleGameEngine\SGE\Object\Reactive\sge_being.hpp">
      <Filter>Object\Reactive</Filter>
    </ClInclude>
    <ClInclude Include="$(MSBuildThisFileDirectory)..\..\SimpleGameEngine\SGE\Object\Reactive\sge_player.hpp">
      <Filter>Object\Reactive</Filter>
    </ClInclude>
    <ClInclude Include="$(MSBuildThisFileDirectory)..\..\SimpleGameEngine\SGE\Object\Reactive\sge_reactive.hpp">
      <Filter>Object\Reactive</Filter>
    </ClInclude>
    <ClInclude Include="$(MSBuildThisFileDirectory)..\..\SimpleGameEngine\SGE\Level\sge_level.hpp">
      <Filter>Level</Filter>
    </ClInclude>
    <ClInclude Include="$(MSBuildThisFileDirectory)..\..\SimpleGameEngine\SGE\Object\BackgroundElement\sge_background_element.hpp">
      <Filter>Object\BackgroundElement</Filter>
    </ClInclude>
    <ClInclude Include="$(MSBuildThisFileDirectory)..\..\SimpleGameEngine\SGE\Object\BackgroundElement\sge_world_element.hpp">
      <Filter>Object\BackgroundElement</Filter>
    </ClInclude>
    <ClInclude Include="$(MSBuildThisFileDirectory)..\..\SimpleGameEngine\SGE\Object\Shape\sge_shape.hpp">
      <Filter>Object\Shape</Filter>
    </ClInclude>
  </ItemGroup>
</Project>